
Microsoft Visual Studio Solution File, Format Version 12.00
# Visual Studio Version 17
VisualStudioVersion = 17.8.34525.116
MinimumVisualStudioVersion = 10.0.40219.1
Project("{9A19103F-16F7-4668-BE54-9A1E7A4F7556}") = "Workraund", "Workraund\Workraund.csproj", "{55A0EB23-5243-4126-9CA6-F7770B704A3B}"
EndProject
Project("{FAE04EC0-301F-11D3-BF4B-00C04F79EFBC}") = "Entities", "Entities\Entities.csproj", "{B6AF33A8-DCEE-4F9C-8FEF-E830CD1F8594}"
EndProject
Project("{FAE04EC0-301F-11D3-BF4B-00C04F79EFBC}") = "Business", "Business\Business.csproj", "{ABD1B124-24E7-4BA4-94FA-DF377B61DBDC}"
EndProject
Global
	GlobalSection(SolutionConfigurationPlatforms) = preSolution
		Debug|Any CPU = Debug|Any CPU
		Release|Any CPU = Release|Any CPU
	EndGlobalSection
	GlobalSection(ProjectConfigurationPlatforms) = postSolution
		{55A0EB23-5243-4126-9CA6-F7770B704A3B}.Debug|Any CPU.ActiveCfg = Debug|Any CPU
		{55A0EB23-5243-4126-9CA6-F7770B704A3B}.Debug|Any CPU.Build.0 = Debug|Any CPU
		{55A0EB23-5243-4126-9CA6-F7770B704A3B}.Release|Any CPU.ActiveCfg = Release|Any CPU
		{55A0EB23-5243-4126-9CA6-F7770B704A3B}.Release|Any CPU.Build.0 = Release|Any CPU
		{B6AF33A8-DCEE-4F9C-8FEF-E830CD1F8594}.Debug|Any CPU.ActiveCfg = Debug|Any CPU
		{B6AF33A8-DCEE-4F9C-8FEF-E830CD1F8594}.Debug|Any CPU.Build.0 = Debug|Any CPU
		{B6AF33A8-DCEE-4F9C-8FEF-E830CD1F8594}.Release|Any CPU.ActiveCfg = Release|Any CPU
		{B6AF33A8-DCEE-4F9C-8FEF-E830CD1F8594}.Release|Any CPU.Build.0 = Release|Any CPU
		{ABD1B124-24E7-4BA4-94FA-DF377B61DBDC}.Debug|Any CPU.ActiveCfg = Debug|Any CPU
		{ABD1B124-24E7-4BA4-94FA-DF377B61DBDC}.Debug|Any CPU.Build.0 = Debug|Any CPU
		{ABD1B124-24E7-4BA4-94FA-DF377B61DBDC}.Release|Any CPU.ActiveCfg = Release|Any CPU
		{ABD1B124-24E7-4BA4-94FA-DF377B61DBDC}.Release|Any CPU.Build.0 = Release|Any CPU
	EndGlobalSection
	GlobalSection(SolutionProperties) = preSolution
		HideSolutionNode = FALSE
	EndGlobalSection
	GlobalSection(ExtensibilityGlobals) = postSolution
		SolutionGuid = {C3A5DEC1-01A5-4FE2-85EB-8C7A7635A03B}
	EndGlobalSection
EndGlobal
